
Microsoft Visual Studio Solution File, Format Version 12.00
# Visual Studio Version 17
VisualStudioVersion = 17.11.35327.3
MinimumVisualStudioVersion = 10.0.40219.1
Project("{9A19103F-16F7-4668-BE54-9A1E7A4F7556}") = "Sjoelify", "Sjoelify\Sjoelify.csproj", "{29E5B759-0596-4F7F-82AB-BA466206883E}"
EndProject
Project("{9A19103F-16F7-4668-BE54-9A1E7A4F7556}") = "Sjoelify.Data", "Sjoelify.Data\Sjoelify.Data.csproj", "{BE980BE6-803B-47A4-92BE-486CECC5FA17}"
EndProject
Project("{9A19103F-16F7-4668-BE54-9A1E7A4F7556}") = "Sjoelify.DTO", "Sjoelify.DTO\Sjoelify.DTO.csproj", "{07CE0CA2-6CA5-4074-B8C3-826512E60701}"
EndProject
Project("{9A19103F-16F7-4668-BE54-9A1E7A4F7556}") = "Sjoelify.Business", "Sjoelify.Business\Sjoelify.Business.csproj", "{0CE91F09-F56E-4F68-9874-17143F077CA8}"
EndProject
Project("{FAE04EC0-301F-11D3-BF4B-00C04F79EFBC}") = "Sjoelify.UI", "Sjoelify.UI\Sjoelify.UI.csproj", "{205FDBF8-8944-40CE-A168-64222F6F5223}"
EndProject
Global
	GlobalSection(SolutionConfigurationPlatforms) = preSolution
		Debug|Any CPU = Debug|Any CPU
		Release|Any CPU = Release|Any CPU
	EndGlobalSection
	GlobalSection(ProjectConfigurationPlatforms) = postSolution
		{29E5B759-0596-4F7F-82AB-BA466206883E}.Debug|Any CPU.ActiveCfg = Debug|Any CPU
		{29E5B759-0596-4F7F-82AB-BA466206883E}.Debug|Any CPU.Build.0 = Debug|Any CPU
		{29E5B759-0596-4F7F-82AB-BA466206883E}.Release|Any CPU.ActiveCfg = Release|Any CPU
		{29E5B759-0596-4F7F-82AB-BA466206883E}.Release|Any CPU.Build.0 = Release|Any CPU
		{BE980BE6-803B-47A4-92BE-486CECC5FA17}.Debug|Any CPU.ActiveCfg = Debug|Any CPU
		{BE980BE6-803B-47A4-92BE-486CECC5FA17}.Debug|Any CPU.Build.0 = Debug|Any CPU
		{BE980BE6-803B-47A4-92BE-486CECC5FA17}.Release|Any CPU.ActiveCfg = Release|Any CPU
		{BE980BE6-803B-47A4-92BE-486CECC5FA17}.Release|Any CPU.Build.0 = Release|Any CPU
		{07CE0CA2-6CA5-4074-B8C3-826512E60701}.Debug|Any CPU.ActiveCfg = Debug|Any CPU
		{07CE0CA2-6CA5-4074-B8C3-826512E60701}.Debug|Any CPU.Build.0 = Debug|Any CPU
		{07CE0CA2-6CA5-4074-B8C3-826512E60701}.Release|Any CPU.ActiveCfg = Release|Any CPU
		{07CE0CA2-6CA5-4074-B8C3-826512E60701}.Release|Any CPU.Build.0 = Release|Any CPU
		{0CE91F09-F56E-4F68-9874-17143F077CA8}.Debug|Any CPU.ActiveCfg = Debug|Any CPU
		{0CE91F09-F56E-4F68-9874-17143F077CA8}.Debug|Any CPU.Build.0 = Debug|Any CPU
		{0CE91F09-F56E-4F68-9874-17143F077CA8}.Release|Any CPU.ActiveCfg = Release|Any CPU
		{0CE91F09-F56E-4F68-9874-17143F077CA8}.Release|Any CPU.Build.0 = Release|Any CPU
		{205FDBF8-8944-40CE-A168-64222F6F5223}.Debug|Any CPU.ActiveCfg = Debug|Any CPU
		{205FDBF8-8944-40CE-A168-64222F6F5223}.Debug|Any CPU.Build.0 = Debug|Any CPU
		{205FDBF8-8944-40CE-A168-64222F6F5223}.Release|Any CPU.ActiveCfg = Release|Any CPU
		{205FDBF8-8944-40CE-A168-64222F6F5223}.Release|Any CPU.Build.0 = Release|Any CPU
	EndGlobalSection
	GlobalSection(SolutionProperties) = preSolution
		HideSolutionNode = FALSE
	EndGlobalSection
	GlobalSection(ExtensibilityGlobals) = postSolution
		SolutionGuid = {19F8567A-9AE6-4B7E-A4CA-A52AC9F38342}
	EndGlobalSection
EndGlobal
